# This file is automatically @generated by Poetry 1.5.4 and should not be changed by hand.

[[package]]
name = "phonenumbers"
version = "8.13.29"
description = "Python version of Google's common library for parsing, formatting, storing and validating international phone numbers."
optional = false
python-versions = "*"
files = [
    {file = "phonenumbers-8.13.29-py2.py3-none-any.whl", hash = "sha256:9d7863dc8a37e8127f3c9dde65be93a5b46649b779184f8b0a85bdd043b0b293"},
    {file = "phonenumbers-8.13.29.tar.gz", hash = "sha256:a6c85b53e28410aba2f312255cc8015f384a43e7e241ffb84ca5cde80f094cdf"},
]

[metadata]
lock-version = "2.0"
python-versions = ">=3.10.0,<3.11"
content-hash = "89769bb73517ae8856d6a6552c8c1e55195ffb4ff1fb5d11063d14cf0e892147"
